
Microsoft Visual Studio Solution File, Format Version 12.00
# Visual Studio Version 16
VisualStudioVersion = 16.0.28803.202
MinimumVisualStudioVersion = 10.0.40219.1
Project("{9A19103F-16F7-4668-BE54-9A1E7A4F7556}") = "Web", "Web\Web.csproj", "{AD23A804-F15B-46E8-8CF9-00FA2A8EE98D}"
EndProject
Project("{9A19103F-16F7-4668-BE54-9A1E7A4F7556}") = "BackEndTests", "BackEndTests\BackEndTests.csproj", "{B89D3B6C-980D-40D8-A716-27E4B066E444}"
EndProject
Project("{FAE04EC0-301F-11D3-BF4B-00C04F79EFBC}") = "PlanYourVoteLibrary2", "PlanYourVoteLibrary2\PlanYourVoteLibrary2.csproj", "{93C0CF7E-E504-424D-9E06-378C7EADCEF4}"
EndProject
Global
	GlobalSection(SolutionConfigurationPlatforms) = preSolution
		Debug|Any CPU = Debug|Any CPU
		Release|Any CPU = Release|Any CPU
	EndGlobalSection
	GlobalSection(ProjectConfigurationPlatforms) = postSolution
		{AD23A804-F15B-46E8-8CF9-00FA2A8EE98D}.Debug|Any CPU.ActiveCfg = Debug|Any CPU
		{AD23A804-F15B-46E8-8CF9-00FA2A8EE98D}.Debug|Any CPU.Build.0 = Debug|Any CPU
		{AD23A804-F15B-46E8-8CF9-00FA2A8EE98D}.Release|Any CPU.ActiveCfg = Release|Any CPU
		{AD23A804-F15B-46E8-8CF9-00FA2A8EE98D}.Release|Any CPU.Build.0 = Release|Any CPU
		{B89D3B6C-980D-40D8-A716-27E4B066E444}.Debug|Any CPU.ActiveCfg = Debug|Any CPU
		{B89D3B6C-980D-40D8-A716-27E4B066E444}.Debug|Any CPU.Build.0 = Debug|Any CPU
		{B89D3B6C-980D-40D8-A716-27E4B066E444}.Release|Any CPU.ActiveCfg = Release|Any CPU
		{B89D3B6C-980D-40D8-A716-27E4B066E444}.Release|Any CPU.Build.0 = Release|Any CPU
		{93C0CF7E-E504-424D-9E06-378C7EADCEF4}.Debug|Any CPU.ActiveCfg = Debug|Any CPU
		{93C0CF7E-E504-424D-9E06-378C7EADCEF4}.Debug|Any CPU.Build.0 = Debug|Any CPU
		{93C0CF7E-E504-424D-9E06-378C7EADCEF4}.Release|Any CPU.ActiveCfg = Release|Any CPU
		{93C0CF7E-E504-424D-9E06-378C7EADCEF4}.Release|Any CPU.Build.0 = Release|Any CPU
	EndGlobalSection
	GlobalSection(SolutionProperties) = preSolution
		HideSolutionNode = FALSE
	EndGlobalSection
	GlobalSection(ExtensibilityGlobals) = postSolution
		SolutionGuid = {98D1375A-3290-4ED8-A69B-7FE8CBCB8E78}
	EndGlobalSection
EndGlobal
