
Microsoft Visual Studio Solution File, Format Version 12.00
# Visual Studio 15
Project("{FAE04EC0-301F-11D3-BF4B-00C04F79EFBC}") = "Web", "Web.csproj", "{F30972B2-F5AB-496E-ABE2-83D9AE8334DC}"
EndProject
Global
	GlobalSection(SolutionConfigurationPlatforms) = preSolution
		Debug|Any CPU = Debug|Any CPU
		Release|Any CPU = Release|Any CPU
	EndGlobalSection
	GlobalSection(ProjectConfigurationPlatforms) = postSolution
		{F30972B2-F5AB-496E-ABE2-83D9AE8334DC}.Debug|Any CPU.ActiveCfg = Debug|Any CPU
		{F30972B2-F5AB-496E-ABE2-83D9AE8334DC}.Debug|Any CPU.Build.0 = Debug|Any CPU
		{F30972B2-F5AB-496E-ABE2-83D9AE8334DC}.Release|Any CPU.ActiveCfg = Release|Any CPU
		{F30972B2-F5AB-496E-ABE2-83D9AE8334DC}.Release|Any CPU.Build.0 = Release|Any CPU
	EndGlobalSection
EndGlobal
